
Microsoft Visual Studio Solution File, Format Version 12.00
# Visual Studio 15
VisualStudioVersion = 15.0.28010.2003
MinimumVisualStudioVersion = 10.0.40219.1
Project("{FAE04EC0-301F-11D3-BF4B-00C04F79EFBC}") = "Niteco.EluxApiReflection", "Niteco.EluxApiReflection\Niteco.EluxApiReflection.csproj", "{B935CC9F-6F05-4C50-8D7F-88FDC00ACFB9}"
EndProject
Project("{FAE04EC0-301F-11D3-BF4B-00C04F79EFBC}") = "Elux.ApiIntergration", "Elux.ApiIntergration\Elux.ApiIntergration.csproj", "{8D48C242-BA05-49E6-80CF-1B83DBD628EB}"
EndProject
Global
	GlobalSection(SolutionConfigurationPlatforms) = preSolution
		Debug|Any CPU = Debug|Any CPU
		Release|Any CPU = Release|Any CPU
	EndGlobalSection
	GlobalSection(ProjectConfigurationPlatforms) = postSolution
		{B935CC9F-6F05-4C50-8D7F-88FDC00ACFB9}.Debug|Any CPU.ActiveCfg = Debug|Any CPU
		{B935CC9F-6F05-4C50-8D7F-88FDC00ACFB9}.Debug|Any CPU.Build.0 = Debug|Any CPU
		{B935CC9F-6F05-4C50-8D7F-88FDC00ACFB9}.Release|Any CPU.ActiveCfg = Release|Any CPU
		{B935CC9F-6F05-4C50-8D7F-88FDC00ACFB9}.Release|Any CPU.Build.0 = Release|Any CPU
		{8D48C242-BA05-49E6-80CF-1B83DBD628EB}.Debug|Any CPU.ActiveCfg = Debug|Any CPU
		{8D48C242-BA05-49E6-80CF-1B83DBD628EB}.Debug|Any CPU.Build.0 = Debug|Any CPU
		{8D48C242-BA05-49E6-80CF-1B83DBD628EB}.Release|Any CPU.ActiveCfg = Release|Any CPU
		{8D48C242-BA05-49E6-80CF-1B83DBD628EB}.Release|Any CPU.Build.0 = Release|Any CPU
	EndGlobalSection
	GlobalSection(SolutionProperties) = preSolution
		HideSolutionNode = FALSE
	EndGlobalSection
	GlobalSection(ExtensibilityGlobals) = postSolution
		SolutionGuid = {EE4BA44A-BCD0-4422-A455-F2D165700181}
	EndGlobalSection
EndGlobal
